
Microsoft Visual Studio Solution File, Format Version 12.00
# Visual Studio Version 17
VisualStudioVersion = 17.0.31717.71
MinimumVisualStudioVersion = 10.0.40219.1
Project("{FAE04EC0-301F-11D3-BF4B-00C04F79EFBC}") = "RS3.Android", "RS3.Android\RS3.Android.csproj", "{9D756DA0-D1AB-4A97-9693-A7DAD536E857}"
EndProject
Project("{FAE04EC0-301F-11D3-BF4B-00C04F79EFBC}") = "RS3", "RS3\RS3.csproj", "{72651933-2679-4CFD-97D9-2AA661FBB077}"
EndProject
Global
	GlobalSection(SolutionConfigurationPlatforms) = preSolution
		Debug|Any CPU = Debug|Any CPU
		Release|Any CPU = Release|Any CPU
	EndGlobalSection
	GlobalSection(ProjectConfigurationPlatforms) = postSolution
		{9D756DA0-D1AB-4A97-9693-A7DAD536E857}.Debug|Any CPU.ActiveCfg = Debug|Any CPU
		{9D756DA0-D1AB-4A97-9693-A7DAD536E857}.Debug|Any CPU.Build.0 = Debug|Any CPU
		{9D756DA0-D1AB-4A97-9693-A7DAD536E857}.Debug|Any CPU.Deploy.0 = Debug|Any CPU
		{9D756DA0-D1AB-4A97-9693-A7DAD536E857}.Release|Any CPU.ActiveCfg = Release|Any CPU
		{9D756DA0-D1AB-4A97-9693-A7DAD536E857}.Release|Any CPU.Build.0 = Release|Any CPU
		{9D756DA0-D1AB-4A97-9693-A7DAD536E857}.Release|Any CPU.Deploy.0 = Release|Any CPU
		{72651933-2679-4CFD-97D9-2AA661FBB077}.Debug|Any CPU.ActiveCfg = Debug|Any CPU
		{72651933-2679-4CFD-97D9-2AA661FBB077}.Debug|Any CPU.Build.0 = Debug|Any CPU
		{72651933-2679-4CFD-97D9-2AA661FBB077}.Debug|Any CPU.Deploy.0 = Debug|Any CPU
		{72651933-2679-4CFD-97D9-2AA661FBB077}.Release|Any CPU.ActiveCfg = Release|Any CPU
		{72651933-2679-4CFD-97D9-2AA661FBB077}.Release|Any CPU.Build.0 = Release|Any CPU
		{72651933-2679-4CFD-97D9-2AA661FBB077}.Release|Any CPU.Deploy.0 = Release|Any CPU
	EndGlobalSection
	GlobalSection(SolutionProperties) = preSolution
		HideSolutionNode = FALSE
	EndGlobalSection
	GlobalSection(ExtensibilityGlobals) = postSolution
		SolutionGuid = {6046A51B-FB3A-4444-9EF9-E55A8F9B8CBC}
	EndGlobalSection
EndGlobal
